
Microsoft Visual Studio Solution File, Format Version 12.00
# Visual Studio Version 17
VisualStudioVersion = 17.10.35122.118
MinimumVisualStudioVersion = 10.0.40219.1
Project("{9A19103F-16F7-4668-BE54-9A1E7A4F7556}") = "ImageProvider.Api", "ImageProvider.Api\ImageProvider.Api.csproj", "{D3A59062-0A01-42E8-8556-A38D1AC6BC95}"
EndProject
Project("{FAE04EC0-301F-11D3-BF4B-00C04F79EFBC}") = "ImageProvider.Tests", "ImageProvider.Tests\ImageProvider.Tests.csproj", "{C3116F9A-AA7B-443B-8FD6-37182DD49124}"
EndProject
Global
	GlobalSection(SolutionConfigurationPlatforms) = preSolution
		Debug|Any CPU = Debug|Any CPU
		Release|Any CPU = Release|Any CPU
	EndGlobalSection
	GlobalSection(ProjectConfigurationPlatforms) = postSolution
		{D3A59062-0A01-42E8-8556-A38D1AC6BC95}.Debug|Any CPU.ActiveCfg = Debug|Any CPU
		{D3A59062-0A01-42E8-8556-A38D1AC6BC95}.Debug|Any CPU.Build.0 = Debug|Any CPU
		{D3A59062-0A01-42E8-8556-A38D1AC6BC95}.Release|Any CPU.ActiveCfg = Release|Any CPU
		{D3A59062-0A01-42E8-8556-A38D1AC6BC95}.Release|Any CPU.Build.0 = Release|Any CPU
		{C3116F9A-AA7B-443B-8FD6-37182DD49124}.Debug|Any CPU.ActiveCfg = Debug|Any CPU
		{C3116F9A-AA7B-443B-8FD6-37182DD49124}.Debug|Any CPU.Build.0 = Debug|Any CPU
		{C3116F9A-AA7B-443B-8FD6-37182DD49124}.Release|Any CPU.ActiveCfg = Release|Any CPU
		{C3116F9A-AA7B-443B-8FD6-37182DD49124}.Release|Any CPU.Build.0 = Release|Any CPU
	EndGlobalSection
	GlobalSection(SolutionProperties) = preSolution
		HideSolutionNode = FALSE
	EndGlobalSection
	GlobalSection(ExtensibilityGlobals) = postSolution
		SolutionGuid = {E4A612F4-7D46-4936-9CEA-1FB09ECFE91C}
	EndGlobalSection
EndGlobal
